{
  "name": "GestionTUP",
  "lockfileVersion": 3,
  "requires": true,
  "packages": {
    "": {
      "dependencies": {
        "@fontsource/open-sans": "^5.0.28",
        "@fontsource/raleway": "^5.0.19"
      }
    },
    "node_modules/@fontsource/open-sans": {
      "version": "5.0.28",
      "resolved": "https://registry.npmjs.org/@fontsource/open-sans/-/open-sans-5.0.28.tgz",
      "integrity": "sha512-hBvJHY76pJT/JynGUB5EXWhnzjYfLdcMn655J5p1v9lTT9HdQSy+keq2KPVXO2Htlg998BBa3p6u/jlrZ6w0kg==",
      "license": "OFL-1.1"
    },
    "node_modules/@fontsource/raleway": {
      "version": "5.0.19",
      "resolved": "https://registry.npmjs.org/@fontsource/raleway/-/raleway-5.0.19.tgz",
      "integrity": "sha512-S4fAg/Kmvkw5g6Z2eoxGijeYcopsfQIla+iXbOYZsIUaFHcS49l/qBNO3MWZ8iJ+PCFulz9juv2OjPPvMW43oA==",
      "license": "OFL-1.1"
    }
  }
}
